// !$*UTF8*$!
{
	archiveVersion = 1;
	classes = {
	};
	objectVersion = 52;
	objects = {

/* Begin PBXBuildFile section */
		02699F8F25E4A06C0062884D /* SwiftGUI in Frameworks */ = {isa = PBXBuildFile; productRef = 02699F8E25E4A06C0062884D /* SwiftGUI */; };
		CC0D55A124112B650045A55D /* URLImagePropertyPreview.swift in Sources */ = {isa = PBXBuildFile; fileRef = CC0D55A024112B650045A55D /* URLImagePropertyPreview.swift */; };
		CC0D55A3241130820045A55D /* URLImage in Frameworks */ = {isa = PBXBuildFile; productRef = CC0D55A2241130820045A55D /* URLImage */; };
		CC15795524049F7700185C2E /* AppDelegate.swift in Sources */ = {isa = PBXBuildFile; fileRef = CC15795424049F7700185C2E /* AppDelegate.swift */; };
		CC15795724049F7700185C2E /* SceneDelegate.swift in Sources */ = {isa = PBXBuildFile; fileRef = CC15795624049F7700185C2E /* SceneDelegate.swift */; };
		CC15795924049F7700185C2E /* ContentView.swift in Sources */ = {isa = PBXBuildFile; fileRef = CC15795824049F7700185C2E /* ContentView.swift */; };
		CC15795B24049F7C00185C2E /* Assets.xcassets in Resources */ = {isa = PBXBuildFile; fileRef = CC15795A24049F7C00185C2E /* Assets.xcassets */; };
		CC15795E24049F7C00185C2E /* Preview Assets.xcassets in Resources */ = {isa = PBXBuildFile; fileRef = CC15795D24049F7C00185C2E /* Preview Assets.xcassets */; };
		CC15796124049F7C00185C2E /* LaunchScreen.storyboard in Resources */ = {isa = PBXBuildFile; fileRef = CC15795F24049F7C00185C2E /* LaunchScreen.storyboard */; };
/* End PBXBuildFile section */

/* Begin PBXCopyFilesBuildPhase section */
		CC15796B24049F9100185C2E /* Embed Frameworks */ = {
			isa = PBXCopyFilesBuildPhase;
			buildActionMask = 2147483647;
			dstPath = "";
			dstSubfolderSpec = 10;
			files = (
			);
			name = "Embed Frameworks";
			runOnlyForDeploymentPostprocessing = 0;
		};
/* End PBXCopyFilesBuildPhase section */

/* Begin PBXFileReference section */
		02699F8D25E4A04A0062884D /* SwiftGUI */ = {isa = PBXFileReference; lastKnownFileType = folder; name = SwiftGUI; path = ..; sourceTree = "<group>"; };
		CC0D55A024112B650045A55D /* URLImagePropertyPreview.swift */ = {isa = PBXFileReference; lastKnownFileType = sourcecode.swift; path = URLImagePropertyPreview.swift; sourceTree = "<group>"; };
		CC15795224049F7700185C2E /* Example.app */ = {isa = PBXFileReference; explicitFileType = wrapper.application; includeInIndex = 0; path = Example.app; sourceTree = BUILT_PRODUCTS_DIR; };
		CC15795424049F7700185C2E /* AppDelegate.swift */ = {isa = PBXFileReference; lastKnownFileType = sourcecode.swift; path = AppDelegate.swift; sourceTree = "<group>"; };
		CC15795624049F7700185C2E /* SceneDelegate.swift */ = {isa = PBXFileReference; lastKnownFileType = sourcecode.swift; path = SceneDelegate.swift; sourceTree = "<group>"; };
		CC15795824049F7700185C2E /* ContentView.swift */ = {isa = PBXFileReference; lastKnownFileType = sourcecode.swift; path = ContentView.swift; sourceTree = "<group>"; };
		CC15795A24049F7C00185C2E /* Assets.xcassets */ = {isa = PBXFileReference; lastKnownFileType = folder.assetcatalog; path = Assets.xcassets; sourceTree = "<group>"; };
		CC15795D24049F7C00185C2E /* Preview Assets.xcassets */ = {isa = PBXFileReference; lastKnownFileType = folder.assetcatalog; path = "Preview Assets.xcassets"; sourceTree = "<group>"; };
		CC15796024049F7C00185C2E /* Base */ = {isa = PBXFileReference; lastKnownFileType = file.storyboard; name = Base; path = Base.lproj/LaunchScreen.storyboard; sourceTree = "<group>"; };
		CC15796224049F7C00185C2E /* Info.plist */ = {isa = PBXFileReference; lastKnownFileType = text.plist.xml; path = Info.plist; sourceTree = "<group>"; };
/* End PBXFileReference section */

/* Begin PBXFrameworksBuildPhase section */
		CC15794F24049F7700185C2E /* Frameworks */ = {
			isa = PBXFrameworksBuildPhase;
			buildActionMask = 2147483647;
			files = (
				02699F8F25E4A06C0062884D /* SwiftGUI in Frameworks */,
				CC0D55A3241130820045A55D /* URLImage in Frameworks */,
			);
			runOnlyForDeploymentPostprocessing = 0;
		};
/* End PBXFrameworksBuildPhase section */

/* Begin PBXGroup section */
		CC15792D2404994600185C2E = {
			isa = PBXGroup;
			children = (
				02699F8D25E4A04A0062884D /* SwiftGUI */,
				CC15795324049F7700185C2E /* Example */,
				CC1579382404994600185C2E /* Products */,
				CC15796624049F9100185C2E /* Frameworks */,
			);
			sourceTree = "<group>";
		};
		CC1579382404994600185C2E /* Products */ = {
			isa = PBXGroup;
			children = (
				CC15795224049F7700185C2E /* Example.app */,
			);
			name = Products;
			sourceTree = "<group>";
		};
		CC15795324049F7700185C2E /* Example */ = {
			isa = PBXGroup;
			children = (
				CC15795424049F7700185C2E /* AppDelegate.swift */,
				CC15795624049F7700185C2E /* SceneDelegate.swift */,
				CC15795824049F7700185C2E /* ContentView.swift */,
				CC15795A24049F7C00185C2E /* Assets.xcassets */,
				CC15795F24049F7C00185C2E /* LaunchScreen.storyboard */,
				CC15796224049F7C00185C2E /* Info.plist */,
				CC15795C24049F7C00185C2E /* Preview Content */,
				CC0D55A024112B650045A55D /* URLImagePropertyPreview.swift */,
			);
			name = Example;
			sourceTree = "<group>";
		};
		CC15795C24049F7C00185C2E /* Preview Content */ = {
			isa = PBXGroup;
			children = (
				CC15795D24049F7C00185C2E /* Preview Assets.xcassets */,
			);
			path = "Preview Content";
			sourceTree = "<group>";
		};
		CC15796624049F9100185C2E /* Frameworks */ = {
			isa = PBXGroup;
			children = (
			);
			name = Frameworks;
			sourceTree = "<group>";
		};
/* End PBXGroup section */

/* Begin PBXNativeTarget section */
		CC15795124049F7700185C2E /* Example */ = {
			isa = PBXNativeTarget;
			buildConfigurationList = CC15796324049F7C00185C2E /* Build configuration list for PBXNativeTarget "Example" */;
			buildPhases = (
				CC15794E24049F7700185C2E /* Sources */,
				CC15794F24049F7700185C2E /* Frameworks */,
				CC15795024049F7700185C2E /* Resources */,
				CC15796B24049F9100185C2E /* Embed Frameworks */,
			);
			buildRules = (
			);
			dependencies = (
			);
			name = Example;
			packageProductDependencies = (
				CC0D55A2241130820045A55D /* URLImage */,
				02699F8E25E4A06C0062884D /* SwiftGUI */,
			);
			productName = Example;
			productReference = CC15795224049F7700185C2E /* Example.app */;
			productType = "com.apple.product-type.application";
		};
/* End PBXNativeTarget section */

/* Begin PBXProject section */
		CC15792E2404994600185C2E /* Project object */ = {
			isa = PBXProject;
			attributes = {
				LastSwiftUpdateCheck = 1140;
				LastUpgradeCheck = 1200;
				ORGANIZATIONNAME = Yonas;
				TargetAttributes = {
					CC15795124049F7700185C2E = {
						CreatedOnToolsVersion = 11.4;
					};
				};
			};
			buildConfigurationList = CC1579312404994600185C2E /* Build configuration list for PBXProject "SwiftGUI" */;
			compatibilityVersion = "Xcode 9.3";
			developmentRegion = en;
			hasScannedForEncodings = 0;
			knownRegions = (
				en,
				Base,
			);
			mainGroup = CC15792D2404994600185C2E;
			packageReferences = (
				CC15794524049E2900185C2E /* XCRemoteSwiftPackageReference "url-image" */,
			);
			productRefGroup = CC1579382404994600185C2E /* Products */;
			projectDirPath = "";
			projectRoot = "";
			targets = (
				CC15795124049F7700185C2E /* Example */,
			);
		};
/* End PBXProject section */

/* Begin PBXResourcesBuildPhase section */
		CC15795024049F7700185C2E /* Resources */ = {
			isa = PBXResourcesBuildPhase;
			buildActionMask = 2147483647;
			files = (
				CC15796124049F7C00185C2E /* LaunchScreen.storyboard in Resources */,
				CC15795E24049F7C00185C2E /* Preview Assets.xcassets in Resources */,
				CC15795B24049F7C00185C2E /* Assets.xcassets in Resources */,
			);
			runOnlyForDeploymentPostprocessing = 0;
		};
/* End PBXResourcesBuildPhase section */

/* Begin PBXSourcesBuildPhase section */
		CC15794E24049F7700185C2E /* Sources */ = {
			isa = PBXSourcesBuildPhase;
			buildActionMask = 2147483647;
			files = (
				CC15795524049F7700185C2E /* AppDelegate.swift in Sources */,
				CC0D55A124112B650045A55D /* URLImagePropertyPreview.swift in Sources */,
				CC15795724049F7700185C2E /* SceneDelegate.swift in Sources */,
				CC15795924049F7700185C2E /* ContentView.swift in Sources */,
			);
			runOnlyForDeploymentPostprocessing = 0;
		};
/* End PBXSourcesBuildPhase section */

/* Begin PBXVariantGroup section */
		CC15795F24049F7C00185C2E /* LaunchScreen.storyboard */ = {
			isa = PBXVariantGroup;
			children = (
				CC15796024049F7C00185C2E /* Base */,
			);
			name = LaunchScreen.storyboard;
			sourceTree = "<group>";
		};
/* End PBXVariantGroup section */

/* Begin XCBuildConfiguration section */
		CC15793D2404994600185C2E /* Debug */ = {
			isa = XCBuildConfiguration;
			buildSettings = {
				ALWAYS_SEARCH_USER_PATHS = NO;
				CLANG_ANALYZER_NONNULL = YES;
				CLANG_ANALYZER_NUMBER_OBJECT_CONVERSION = YES_AGGRESSIVE;
				CLANG_CXX_LANGUAGE_STANDARD = "gnu++14";
				CLANG_CXX_LIBRARY = "libc++";
				CLANG_ENABLE_MODULES = YES;
				CLANG_ENABLE_OBJC_ARC = YES;
				CLANG_ENABLE_OBJC_WEAK = YES;
				CLANG_WARN_BLOCK_CAPTURE_AUTORELEASING = YES;
				CLANG_WARN_BOOL_CONVERSION = YES;
				CLANG_WARN_COMMA = YES;
				CLANG_WARN_CONSTANT_CONVERSION = YES;
				CLANG_WARN_DEPRECATED_OBJC_IMPLEMENTATIONS = YES;
				CLANG_WARN_DIRECT_OBJC_ISA_USAGE = YES_ERROR;
				CLANG_WARN_DOCUMENTATION_COMMENTS = YES;
				CLANG_WARN_EMPTY_BODY = YES;
				CLANG_WARN_ENUM_CONVERSION = YES;
				CLANG_WARN_INFINITE_RECURSION = YES;
				CLANG_WARN_INT_CONVERSION = YES;
				CLANG_WARN_NON_LITERAL_NULL_CONVERSION = YES;
				CLANG_WARN_OBJC_IMPLICIT_RETAIN_SELF = YES;
				CLANG_WARN_OBJC_LITERAL_CONVERSION = YES;
				CLANG_WARN_OBJC_ROOT_CLASS = YES_ERROR;
				CLANG_WARN_QUOTED_INCLUDE_IN_FRAMEWORK_HEADER = YES;
				CLANG_WARN_RANGE_LOOP_ANALYSIS = YES;
				CLANG_WARN_STRICT_PROTOTYPES = YES;
				CLANG_WARN_SUSPICIOUS_MOVE = YES;
				CLANG_WARN_UNGUARDED_AVAILABILITY = YES_AGGRESSIVE;
				CLANG_WARN_UNREACHABLE_CODE = YES;
				CLANG_WARN__DUPLICATE_METHOD_MATCH = YES;
				COPY_PHASE_STRIP = NO;
				CURRENT_PROJECT_VERSION = 1;
				DEBUG_INFORMATION_FORMAT = dwarf;
				ENABLE_STRICT_OBJC_MSGSEND = YES;
				ENABLE_TESTABILITY = YES;
				GCC_C_LANGUAGE_STANDARD = gnu11;
				GCC_DYNAMIC_NO_PIC = NO;
				GCC_NO_COMMON_BLOCKS = YES;
				GCC_OPTIMIZATION_LEVEL = 0;
				GCC_PREPROCESSOR_DEFINITIONS = (
					"DEBUG=1",
					"$(inherited)",
				);
				GCC_WARN_64_TO_32_BIT_CONVERSION = YES;
				GCC_WARN_ABOUT_RETURN_TYPE = YES_ERROR;
				GCC_WARN_UNDECLARED_SELECTOR = YES;
				GCC_WARN_UNINITIALIZED_AUTOS = YES_AGGRESSIVE;
				GCC_WARN_UNUSED_FUNCTION = YES;
				GCC_WARN_UNUSED_VARIABLE = YES;
				IPHONEOS_DEPLOYMENT_TARGET = 13.4;
				MTL_ENABLE_DEBUG_INFO = INCLUDE_SOURCE;
				MTL_FAST_MATH = YES;
				ONLY_ACTIVE_ARCH = YES;
				SDKROOT = iphoneos;
				SWIFT_ACTIVE_COMPILATION_CONDITIONS = DEBUG;
				SWIFT_OPTIMIZATION_LEVEL = "-Onone";
				VERSIONING_SYSTEM = "apple-generic";
				VERSION_INFO_PREFIX = "";
			};
			name = Debug;
		};
		CC15793E2404994600185C2E /* Release */ = {
			isa = XCBuildConfiguration;
			buildSettings = {
				ALWAYS_SEARCH_USER_PATHS = NO;
				CLANG_ANALYZER_NONNULL = YES;
				CLANG_ANALYZER_NUMBER_OBJECT_CONVERSION = YES_AGGRESSIVE;
				CLANG_CXX_LANGUAGE_STANDARD = "gnu++14";
				CLANG_CXX_LIBRARY = "libc++";
				CLANG_ENABLE_MODULES = YES;
				CLANG_ENABLE_OBJC_ARC = YES;
				CLANG_ENABLE_OBJC_WEAK = YES;
				CLANG_WARN_BLOCK_CAPTURE_AUTORELEASING = YES;
				CLANG_WARN_BOOL_CONVERSION = YES;
				CLANG_WARN_COMMA = YES;
				CLANG_WARN_CONSTANT_CONVERSION = YES;
				CLANG_WARN_DEPRECATED_OBJC_IMPLEMENTATIONS = YES;
				CLANG_WARN_DIRECT_OBJC_ISA_USAGE = YES_ERROR;
				CLANG_WARN_DOCUMENTATION_COMMENTS = YES;
				CLANG_WARN_EMPTY_BODY = YES;
				CLANG_WARN_ENUM_CONVERSION = YES;
				CLANG_WARN_INFINITE_RECURSION = YES;
				CLANG_WARN_INT_CONVERSION = YES;
				CLANG_WARN_NON_LITERAL_NULL_CONVERSION = YES;
				CLANG_WARN_OBJC_IMPLICIT_RETAIN_SELF = YES;
				CLANG_WARN_OBJC_LITERAL_CONVERSION = YES;
				CLANG_WARN_OBJC_ROOT_CLASS = YES_ERROR;
				CLANG_WARN_QUOTED_INCLUDE_IN_FRAMEWORK_HEADER = YES;
				CLANG_WARN_RANGE_LOOP_ANALYSIS = YES;
				CLANG_WARN_STRICT_PROTOTYPES = YES;
				CLANG_WARN_SUSPICIOUS_MOVE = YES;
				CLANG_WARN_UNGUARDED_AVAILABILITY = YES_AGGRESSIVE;
				CLANG_WARN_UNREACHABLE_CODE = YES;
				CLANG_WARN__DUPLICATE_METHOD_MATCH = YES;
				COPY_PHASE_STRIP = NO;
				CURRENT_PROJECT_VERSION = 1;
				DEBUG_INFORMATION_FORMAT = "dwarf-with-dsym";
				ENABLE_NS_ASSERTIONS = NO;
				ENABLE_STRICT_OBJC_MSGSEND = YES;
				GCC_C_LANGUAGE_STANDARD = gnu11;
				GCC_NO_COMMON_BLOCKS = YES;
				GCC_WARN_64_TO_32_BIT_CONVERSION = YES;
				GCC_WARN_ABOUT_RETURN_TYPE = YES_ERROR;
				GCC_WARN_UNDECLARED_SELECTOR = YES;
				GCC_WARN_UNINITIALIZED_AUTOS = YES_AGGRESSIVE;
				GCC_WARN_UNUSED_FUNCTION = YES;
				GCC_WARN_UNUSED_VARIABLE = YES;
				IPHONEOS_DEPLOYMENT_TARGET = 13.4;
				MTL_ENABLE_DEBUG_INFO = NO;
				MTL_FAST_MATH = YES;
				SDKROOT = iphoneos;
				SWIFT_COMPILATION_MODE = wholemodule;
				SWIFT_OPTIMIZATION_LEVEL = "-O";
				VALIDATE_PRODUCT = YES;
				VERSIONING_SYSTEM = "apple-generic";
				VERSION_INFO_PREFIX = "";
			};
			name = Release;
		};
		CC15796424049F7C00185C2E /* Debug */ = {
			isa = XCBuildConfiguration;
			buildSettings = {
				ASSETCATALOG_COMPILER_APPICON_NAME = AppIcon;
				CODE_SIGN_STYLE = Automatic;
				DEVELOPMENT_ASSET_PATHS = "\"Preview Content\"";
				ENABLE_PREVIEWS = YES;
				INFOPLIST_FILE = Info.plist;
				IPHONEOS_DEPLOYMENT_TARGET = 14.0;
				LD_RUNPATH_SEARCH_PATHS = (
					"$(inherited)",
					"@executable_path/Frameworks",
				);
				PRODUCT_BUNDLE_IDENTIFIER = com.yonaskolb.Example;
				PRODUCT_NAME = "$(TARGET_NAME)";
				SWIFT_VERSION = 5.0;
				TARGETED_DEVICE_FAMILY = "1,2";
			};
			name = Debug;
		};
		CC15796524049F7C00185C2E /* Release */ = {
			isa = XCBuildConfiguration;
			buildSettings = {
				ASSETCATALOG_COMPILER_APPICON_NAME = AppIcon;
				CODE_SIGN_STYLE = Automatic;
				DEVELOPMENT_ASSET_PATHS = "\"Preview Content\"";
				ENABLE_PREVIEWS = YES;
				INFOPLIST_FILE = Info.plist;
				IPHONEOS_DEPLOYMENT_TARGET = 14.0;
				LD_RUNPATH_SEARCH_PATHS = (
					"$(inherited)",
					"@executable_path/Frameworks",
				);
				PRODUCT_BUNDLE_IDENTIFIER = com.yonaskolb.Example;
				PRODUCT_NAME = "$(TARGET_NAME)";
				SWIFT_VERSION = 5.0;
				TARGETED_DEVICE_FAMILY = "1,2";
			};
			name = Release;
		};
/* End XCBuildConfiguration section */

/* Begin XCConfigurationList section */
		CC1579312404994600185C2E /* Build configuration list for PBXProject "SwiftGUI" */ = {
			isa = XCConfigurationList;
			buildConfigurations = (
				CC15793D2404994600185C2E /* Debug */,
				CC15793E2404994600185C2E /* Release */,
			);
			defaultConfigurationIsVisible = 0;
			defaultConfigurationName = Release;
		};
		CC15796324049F7C00185C2E /* Build configuration list for PBXNativeTarget "Example" */ = {
			isa = XCConfigurationList;
			buildConfigurations = (
				CC15796424049F7C00185C2E /* Debug */,
				CC15796524049F7C00185C2E /* Release */,
			);
			defaultConfigurationIsVisible = 0;
			defaultConfigurationName = Release;
		};
/* End XCConfigurationList section */

/* Begin XCRemoteSwiftPackageReference section */
		CC15794524049E2900185C2E /* XCRemoteSwiftPackageReference "url-image" */ = {
			isa = XCRemoteSwiftPackageReference;
			repositoryURL = "https://github.com/dmytro-anokhin/url-image";
			requirement = {
				kind = upToNextMajorVersion;
				minimumVersion = 0.9.10;
			};
		};
/* End XCRemoteSwiftPackageReference section */

/* Begin XCSwiftPackageProductDependency section */
		02699F8E25E4A06C0062884D /* SwiftGUI */ = {
			isa = XCSwiftPackageProductDependency;
			productName = SwiftGUI;
		};
		CC0D55A2241130820045A55D /* URLImage */ = {
			isa = XCSwiftPackageProductDependency;
			package = CC15794524049E2900185C2E /* XCRemoteSwiftPackageReference "url-image" */;
			productName = URLImage;
		};
/* End XCSwiftPackageProductDependency section */
	};
	rootObject = CC15792E2404994600185C2E /* Project object */;
}
