{
  "object": {
    "pins": [
      {
        "package": "Runtime",
        "repositoryURL": "https://github.com/wickwirew/Runtime",
        "state": {
          "branch": null,
          "revision": "dad03135d7701a4e7b3a4051e75d6b37bd8e178e",
          "version": "2.2.4"
        }
      },
      {
        "package": "URLImage",
        "repositoryURL": "https://github.com/dmytro-anokhin/url-image",
        "state": {
          "branch": null,
          "revision": "dc913391b6fc0c9de283ef111eb90d0e9abf4c36",
          "version": "0.9.10"
        }
      }
    ]
  },
  "version": 1
}
